
Microsoft Visual Studio Solution File, Format Version 12.00
# Visual Studio 15
VisualStudioVersion = 15.0.28307.1622
MinimumVisualStudioVersion = 10.0.40219.1
Project("{8BC9CEB8-8B4A-11D0-8D11-00A0C91BC942}") = "test_9_9", "test_9_9\test_9_9.vcxproj", "{5A18BC8A-79C5-48E3-89CF-E9A3F2E614F9}"
EndProject
Global
	GlobalSection(SolutionConfigurationPlatforms) = preSolution
		Debug|x64 = Debug|x64
		Debug|x86 = Debug|x86
		Release|x64 = Release|x64
		Release|x86 = Release|x86
	EndGlobalSection
	GlobalSection(ProjectConfigurationPlatforms) = postSolution
		{5A18BC8A-79C5-48E3-89CF-E9A3F2E614F9}.Debug|x64.ActiveCfg = Debug|x64
		{5A18BC8A-79C5-48E3-89CF-E9A3F2E614F9}.Debug|x64.Build.0 = Debug|x64
		{5A18BC8A-79C5-48E3-89CF-E9A3F2E614F9}.Debug|x86.ActiveCfg = Debug|Win32
		{5A18BC8A-79C5-48E3-89CF-E9A3F2E614F9}.Debug|x86.Build.0 = Debug|Win32
		{5A18BC8A-79C5-48E3-89CF-E9A3F2E614F9}.Release|x64.ActiveCfg = Release|x64
		{5A18BC8A-79C5-48E3-89CF-E9A3F2E614F9}.Release|x64.Build.0 = Release|x64
		{5A18BC8A-79C5-48E3-89CF-E9A3F2E614F9}.Release|x86.ActiveCfg = Release|Win32
		{5A18BC8A-79C5-48E3-89CF-E9A3F2E614F9}.Release|x86.Build.0 = Release|Win32
	EndGlobalSection
	GlobalSection(SolutionProperties) = preSolution
		HideSolutionNode = FALSE
	EndGlobalSection
	GlobalSection(ExtensibilityGlobals) = postSolution
		SolutionGuid = {68AC7EF2-8103-4195-A93F-DB25FE57BB3E}
	EndGlobalSection
EndGlobal
